
Microsoft Visual Studio Solution File, Format Version 12.00
# Visual Studio Version 17
VisualStudioVersion = 17.5.002.0
MinimumVisualStudioVersion = 10.0.40219.1
Project("{9A19103F-16F7-4668-BE54-9A1E7A4F7556}") = "Урок 2. Простые Алгоритмы", "Урок 2. Простые Алгоритмы.csproj", "{98146593-673A-4117-91E5-534C76F25ABE}"
EndProject
Global
	GlobalSection(SolutionConfigurationPlatforms) = preSolution
		Debug|Any CPU = Debug|Any CPU
		Release|Any CPU = Release|Any CPU
	EndGlobalSection
	GlobalSection(ProjectConfigurationPlatforms) = postSolution
		{98146593-673A-4117-91E5-534C76F25ABE}.Debug|Any CPU.ActiveCfg = Debug|Any CPU
		{98146593-673A-4117-91E5-534C76F25ABE}.Debug|Any CPU.Build.0 = Debug|Any CPU
		{98146593-673A-4117-91E5-534C76F25ABE}.Release|Any CPU.ActiveCfg = Release|Any CPU
		{98146593-673A-4117-91E5-534C76F25ABE}.Release|Any CPU.Build.0 = Release|Any CPU
	EndGlobalSection
	GlobalSection(SolutionProperties) = preSolution
		HideSolutionNode = FALSE
	EndGlobalSection
	GlobalSection(ExtensibilityGlobals) = postSolution
		SolutionGuid = {25A2DEDE-BC1E-4562-9002-985E9041455D}
	EndGlobalSection
EndGlobal
